
Microsoft Visual Studio Solution File, Format Version 12.00
# Visual Studio Version 17
VisualStudioVersion = 17.5.33530.505
MinimumVisualStudioVersion = 10.0.40219.1
Project("{FAE04EC0-301F-11D3-BF4B-00C04F79EFBC}") = "MachineTest", "MachineTest\MachineTest.csproj", "{B7E7E7A9-EC32-43E3-BA95-441FA2D064B5}"
EndProject
Global
	GlobalSection(SolutionConfigurationPlatforms) = preSolution
		Debug|Any CPU = Debug|Any CPU
		Release|Any CPU = Release|Any CPU
	EndGlobalSection
	GlobalSection(ProjectConfigurationPlatforms) = postSolution
		{B7E7E7A9-EC32-43E3-BA95-441FA2D064B5}.Debug|Any CPU.ActiveCfg = Debug|Any CPU
		{B7E7E7A9-EC32-43E3-BA95-441FA2D064B5}.Debug|Any CPU.Build.0 = Debug|Any CPU
		{B7E7E7A9-EC32-43E3-BA95-441FA2D064B5}.Release|Any CPU.ActiveCfg = Release|Any CPU
		{B7E7E7A9-EC32-43E3-BA95-441FA2D064B5}.Release|Any CPU.Build.0 = Release|Any CPU
	EndGlobalSection
	GlobalSection(SolutionProperties) = preSolution
		HideSolutionNode = FALSE
	EndGlobalSection
	GlobalSection(ExtensibilityGlobals) = postSolution
		SolutionGuid = {A284C6A0-7EA0-4C71-8BE1-303030408D69}
	EndGlobalSection
EndGlobal
